
Microsoft Visual Studio Solution File, Format Version 12.00
# Visual Studio Version 16
VisualStudioVersion = 16.0.29009.5
MinimumVisualStudioVersion = 10.0.40219.1
Project("{FAE04EC0-301F-11D3-BF4B-00C04F79EFBC}") = "BlazorPhinugTest", "BlazorPhinugTest\BlazorPhinugTest.csproj", "{5BBE259C-4159-43FD-A527-9625F95BE40C}"
EndProject
Global
	GlobalSection(SolutionConfigurationPlatforms) = preSolution
		Debug|Any CPU = Debug|Any CPU
		Release|Any CPU = Release|Any CPU
	EndGlobalSection
	GlobalSection(ProjectConfigurationPlatforms) = postSolution
		{5BBE259C-4159-43FD-A527-9625F95BE40C}.Debug|Any CPU.ActiveCfg = Debug|Any CPU
		{5BBE259C-4159-43FD-A527-9625F95BE40C}.Debug|Any CPU.Build.0 = Debug|Any CPU
		{5BBE259C-4159-43FD-A527-9625F95BE40C}.Release|Any CPU.ActiveCfg = Release|Any CPU
		{5BBE259C-4159-43FD-A527-9625F95BE40C}.Release|Any CPU.Build.0 = Release|Any CPU
	EndGlobalSection
	GlobalSection(SolutionProperties) = preSolution
		HideSolutionNode = FALSE
	EndGlobalSection
	GlobalSection(ExtensibilityGlobals) = postSolution
		SolutionGuid = {083CF747-B3CB-4F98-ACBB-B4BADD03EEE8}
	EndGlobalSection
EndGlobal
